
Microsoft Visual Studio Solution File, Format Version 12.00
# Visual Studio Version 16
VisualStudioVersion = 16.0.31105.61
MinimumVisualStudioVersion = 10.0.40219.1
Project("{FAE04EC0-301F-11D3-BF4B-00C04F79EFBC}") = "Otus.Models", "Otus.Models\Otus.Models.csproj", "{ACAE6853-B2E6-4B98-8760-570AFBDF7605}"
EndProject
Project("{FAE04EC0-301F-11D3-BF4B-00C04F79EFBC}") = "Otus.PostgreSql", "Otus.PostgreSql\Otus.PostgreSql.csproj", "{CFB363EE-28EA-40E9-BB2A-83E49D5724FA}"
EndProject
Project("{FAE04EC0-301F-11D3-BF4B-00C04F79EFBC}") = "Otus.Application", "Otus.Application\Otus.Application.csproj", "{3F50DA73-A640-4AB9-9F8C-9B8E1E6DCF84}"
EndProject
Global
	GlobalSection(SolutionConfigurationPlatforms) = preSolution
		Debug|Any CPU = Debug|Any CPU
		Release|Any CPU = Release|Any CPU
	EndGlobalSection
	GlobalSection(ProjectConfigurationPlatforms) = postSolution
		{ACAE6853-B2E6-4B98-8760-570AFBDF7605}.Debug|Any CPU.ActiveCfg = Debug|Any CPU
		{ACAE6853-B2E6-4B98-8760-570AFBDF7605}.Debug|Any CPU.Build.0 = Debug|Any CPU
		{ACAE6853-B2E6-4B98-8760-570AFBDF7605}.Release|Any CPU.ActiveCfg = Release|Any CPU
		{ACAE6853-B2E6-4B98-8760-570AFBDF7605}.Release|Any CPU.Build.0 = Release|Any CPU
		{CFB363EE-28EA-40E9-BB2A-83E49D5724FA}.Debug|Any CPU.ActiveCfg = Debug|Any CPU
		{CFB363EE-28EA-40E9-BB2A-83E49D5724FA}.Debug|Any CPU.Build.0 = Debug|Any CPU
		{CFB363EE-28EA-40E9-BB2A-83E49D5724FA}.Release|Any CPU.ActiveCfg = Release|Any CPU
		{CFB363EE-28EA-40E9-BB2A-83E49D5724FA}.Release|Any CPU.Build.0 = Release|Any CPU
		{3F50DA73-A640-4AB9-9F8C-9B8E1E6DCF84}.Debug|Any CPU.ActiveCfg = Debug|Any CPU
		{3F50DA73-A640-4AB9-9F8C-9B8E1E6DCF84}.Debug|Any CPU.Build.0 = Debug|Any CPU
		{3F50DA73-A640-4AB9-9F8C-9B8E1E6DCF84}.Release|Any CPU.ActiveCfg = Release|Any CPU
		{3F50DA73-A640-4AB9-9F8C-9B8E1E6DCF84}.Release|Any CPU.Build.0 = Release|Any CPU
	EndGlobalSection
	GlobalSection(SolutionProperties) = preSolution
		HideSolutionNode = FALSE
	EndGlobalSection
	GlobalSection(ExtensibilityGlobals) = postSolution
		SolutionGuid = {82E5350B-3CCF-4309-AA4C-628F26BA0A80}
	EndGlobalSection
EndGlobal
